
Microsoft Visual Studio Solution File, Format Version 12.00
# Visual Studio Version 17
VisualStudioVersion = 17.11.35312.102
MinimumVisualStudioVersion = 10.0.40219.1
Project("{2150E333-8FDC-42A3-9474-1A3956D46DE8}") = "Tutorial", "Tutorial", "{2D115A1B-9970-480B-873F-F0F1C839F1DF}"
EndProject
Project("{9A19103F-16F7-4668-BE54-9A1E7A4F7556}") = "Tutorial1.1", "Tutorial\Tutorial1.1\Tutorial1.1.csproj", "{07B074B9-492C-4EDE-8B87-9C7EE87F82ED}"
EndProject
Project("{9A19103F-16F7-4668-BE54-9A1E7A4F7556}") = "Tutorial2.1", "Tutorial\Tutorial2.1\Tutorial2.1.csproj", "{D46E4563-4858-4B1A-B1F8-440162E4C3EB}"
EndProject
Project("{9A19103F-16F7-4668-BE54-9A1E7A4F7556}") = "Tutorial3.1", "Tutorial\Tutorial3.1\Tutorial3.1.csproj", "{C6E8EB07-E2E7-460E-BD5E-AA6C5D101DAA}"
EndProject
Project("{9A19103F-16F7-4668-BE54-9A1E7A4F7556}") = "Tutorial4.1 if else", "Tutorial\Tutorial4.1\Tutorial4.1 if else.csproj", "{E372F65C-E88A-40D4-A4CD-72CE2E2721F2}"
EndProject
Project("{2150E333-8FDC-42A3-9474-1A3956D46DE8}") = "LeetCode", "LeetCode", "{E219897A-416A-46EB-910E-1B8C89E8DE6C}"
EndProject
Project("{9A19103F-16F7-4668-BE54-9A1E7A4F7556}") = "LeetCode", "LeetCoode\LeetCode\LeetCode.csproj", "{675DCAA7-A9CE-4794-9465-E7AB06F37EF1}"
EndProject
Project("{2150E333-8FDC-42A3-9474-1A3956D46DE8}") = "Practics", "Practics", "{C3F09984-93E2-4D5D-B624-80F0313D9CF5}"
EndProject
Project("{9A19103F-16F7-4668-BE54-9A1E7A4F7556}") = "Krestiki_Noliki", "Practics\Krestiki_Noliki\Krestiki_Noliki.csproj", "{A2B3207D-E62B-4FDC-8A8F-219AFFBD1EF8}"
EndProject
Project("{9A19103F-16F7-4668-BE54-9A1E7A4F7556}") = "Tutorial5.1 cycles", "Tutorial\Tutorial5.1\Tutorial5.1 cycles.csproj", "{02A7D2E5-E73F-4C30-9F30-A51C35DA97EA}"
EndProject
Project("{9A19103F-16F7-4668-BE54-9A1E7A4F7556}") = "Tutorial7.1 methods", "Tutorial\Tutorial7.1\Tutorial7.1 methods.csproj", "{73B5909B-C4B2-470F-A46E-91455F3E541E}"
EndProject
Project("{9A19103F-16F7-4668-BE54-9A1E7A4F7556}") = "Tutroial6.1 foreach", "Tutorial\Tutroial6.1\Tutroial6.1 foreach.csproj", "{2EAEEE52-41A4-4C69-B4CA-A23D6CB700F8}"
EndProject
Project("{9A19103F-16F7-4668-BE54-9A1E7A4F7556}") = "Tutorial8.1 classes", "Tutorial\Tutorial8.1\Tutorial8.1 classes.csproj", "{8A70034D-BB4C-4CFA-81B7-2B5E9F8B3AE7}"
EndProject
Global
	GlobalSection(SolutionConfigurationPlatforms) = preSolution
		Debug|Any CPU = Debug|Any CPU
		Release|Any CPU = Release|Any CPU
	EndGlobalSection
	GlobalSection(ProjectConfigurationPlatforms) = postSolution
		{07B074B9-492C-4EDE-8B87-9C7EE87F82ED}.Debug|Any CPU.ActiveCfg = Debug|Any CPU
		{07B074B9-492C-4EDE-8B87-9C7EE87F82ED}.Debug|Any CPU.Build.0 = Debug|Any CPU
		{07B074B9-492C-4EDE-8B87-9C7EE87F82ED}.Release|Any CPU.ActiveCfg = Release|Any CPU
		{07B074B9-492C-4EDE-8B87-9C7EE87F82ED}.Release|Any CPU.Build.0 = Release|Any CPU
		{D46E4563-4858-4B1A-B1F8-440162E4C3EB}.Debug|Any CPU.ActiveCfg = Debug|Any CPU
		{D46E4563-4858-4B1A-B1F8-440162E4C3EB}.Debug|Any CPU.Build.0 = Debug|Any CPU
		{D46E4563-4858-4B1A-B1F8-440162E4C3EB}.Release|Any CPU.ActiveCfg = Release|Any CPU
		{D46E4563-4858-4B1A-B1F8-440162E4C3EB}.Release|Any CPU.Build.0 = Release|Any CPU
		{C6E8EB07-E2E7-460E-BD5E-AA6C5D101DAA}.Debug|Any CPU.ActiveCfg = Debug|Any CPU
		{C6E8EB07-E2E7-460E-BD5E-AA6C5D101DAA}.Debug|Any CPU.Build.0 = Debug|Any CPU
		{C6E8EB07-E2E7-460E-BD5E-AA6C5D101DAA}.Release|Any CPU.ActiveCfg = Release|Any CPU
		{C6E8EB07-E2E7-460E-BD5E-AA6C5D101DAA}.Release|Any CPU.Build.0 = Release|Any CPU
		{E372F65C-E88A-40D4-A4CD-72CE2E2721F2}.Debug|Any CPU.ActiveCfg = Debug|Any CPU
		{E372F65C-E88A-40D4-A4CD-72CE2E2721F2}.Debug|Any CPU.Build.0 = Debug|Any CPU
		{E372F65C-E88A-40D4-A4CD-72CE2E2721F2}.Release|Any CPU.ActiveCfg = Release|Any CPU
		{E372F65C-E88A-40D4-A4CD-72CE2E2721F2}.Release|Any CPU.Build.0 = Release|Any CPU
		{675DCAA7-A9CE-4794-9465-E7AB06F37EF1}.Debug|Any CPU.ActiveCfg = Debug|Any CPU
		{675DCAA7-A9CE-4794-9465-E7AB06F37EF1}.Debug|Any CPU.Build.0 = Debug|Any CPU
		{675DCAA7-A9CE-4794-9465-E7AB06F37EF1}.Release|Any CPU.ActiveCfg = Release|Any CPU
		{675DCAA7-A9CE-4794-9465-E7AB06F37EF1}.Release|Any CPU.Build.0 = Release|Any CPU
		{A2B3207D-E62B-4FDC-8A8F-219AFFBD1EF8}.Debug|Any CPU.ActiveCfg = Debug|Any CPU
		{A2B3207D-E62B-4FDC-8A8F-219AFFBD1EF8}.Debug|Any CPU.Build.0 = Debug|Any CPU
		{A2B3207D-E62B-4FDC-8A8F-219AFFBD1EF8}.Release|Any CPU.ActiveCfg = Release|Any CPU
		{A2B3207D-E62B-4FDC-8A8F-219AFFBD1EF8}.Release|Any CPU.Build.0 = Release|Any CPU
		{02A7D2E5-E73F-4C30-9F30-A51C35DA97EA}.Debug|Any CPU.ActiveCfg = Debug|Any CPU
		{02A7D2E5-E73F-4C30-9F30-A51C35DA97EA}.Debug|Any CPU.Build.0 = Debug|Any CPU
		{02A7D2E5-E73F-4C30-9F30-A51C35DA97EA}.Release|Any CPU.ActiveCfg = Release|Any CPU
		{02A7D2E5-E73F-4C30-9F30-A51C35DA97EA}.Release|Any CPU.Build.0 = Release|Any CPU
		{73B5909B-C4B2-470F-A46E-91455F3E541E}.Debug|Any CPU.ActiveCfg = Debug|Any CPU
		{73B5909B-C4B2-470F-A46E-91455F3E541E}.Debug|Any CPU.Build.0 = Debug|Any CPU
		{73B5909B-C4B2-470F-A46E-91455F3E541E}.Release|Any CPU.ActiveCfg = Release|Any CPU
		{73B5909B-C4B2-470F-A46E-91455F3E541E}.Release|Any CPU.Build.0 = Release|Any CPU
		{2EAEEE52-41A4-4C69-B4CA-A23D6CB700F8}.Debug|Any CPU.ActiveCfg = Debug|Any CPU
		{2EAEEE52-41A4-4C69-B4CA-A23D6CB700F8}.Debug|Any CPU.Build.0 = Debug|Any CPU
		{2EAEEE52-41A4-4C69-B4CA-A23D6CB700F8}.Release|Any CPU.ActiveCfg = Release|Any CPU
		{2EAEEE52-41A4-4C69-B4CA-A23D6CB700F8}.Release|Any CPU.Build.0 = Release|Any CPU
		{8A70034D-BB4C-4CFA-81B7-2B5E9F8B3AE7}.Debug|Any CPU.ActiveCfg = Debug|Any CPU
		{8A70034D-BB4C-4CFA-81B7-2B5E9F8B3AE7}.Debug|Any CPU.Build.0 = Debug|Any CPU
		{8A70034D-BB4C-4CFA-81B7-2B5E9F8B3AE7}.Release|Any CPU.ActiveCfg = Release|Any CPU
		{8A70034D-BB4C-4CFA-81B7-2B5E9F8B3AE7}.Release|Any CPU.Build.0 = Release|Any CPU
	EndGlobalSection
	GlobalSection(SolutionProperties) = preSolution
		HideSolutionNode = FALSE
	EndGlobalSection
	GlobalSection(NestedProjects) = preSolution
		{07B074B9-492C-4EDE-8B87-9C7EE87F82ED} = {2D115A1B-9970-480B-873F-F0F1C839F1DF}
		{D46E4563-4858-4B1A-B1F8-440162E4C3EB} = {2D115A1B-9970-480B-873F-F0F1C839F1DF}
		{C6E8EB07-E2E7-460E-BD5E-AA6C5D101DAA} = {2D115A1B-9970-480B-873F-F0F1C839F1DF}
		{E372F65C-E88A-40D4-A4CD-72CE2E2721F2} = {2D115A1B-9970-480B-873F-F0F1C839F1DF}
		{675DCAA7-A9CE-4794-9465-E7AB06F37EF1} = {E219897A-416A-46EB-910E-1B8C89E8DE6C}
		{A2B3207D-E62B-4FDC-8A8F-219AFFBD1EF8} = {C3F09984-93E2-4D5D-B624-80F0313D9CF5}
		{02A7D2E5-E73F-4C30-9F30-A51C35DA97EA} = {2D115A1B-9970-480B-873F-F0F1C839F1DF}
		{73B5909B-C4B2-470F-A46E-91455F3E541E} = {2D115A1B-9970-480B-873F-F0F1C839F1DF}
		{2EAEEE52-41A4-4C69-B4CA-A23D6CB700F8} = {2D115A1B-9970-480B-873F-F0F1C839F1DF}
		{8A70034D-BB4C-4CFA-81B7-2B5E9F8B3AE7} = {2D115A1B-9970-480B-873F-F0F1C839F1DF}
	EndGlobalSection
	GlobalSection(ExtensibilityGlobals) = postSolution
		SolutionGuid = {D296727B-6398-4030-8173-718175DD9D1C}
	EndGlobalSection
EndGlobal
